// !$*UTF8*$!
{
	archiveVersion = 1;
	classes = {
	};
	objectVersion = 50;
	objects = {

/* Begin PBXBuildFile section */
		38239C1525F6448700EEC426 /* Weather_app_swiftUIApp.swift in Sources */ = {isa = PBXBuildFile; fileRef = 38239C1425F6448700EEC426 /* Weather_app_swiftUIApp.swift */; };
		38239C1725F6448700EEC426 /* ContentView.swift in Sources */ = {isa = PBXBuildFile; fileRef = 38239C1625F6448700EEC426 /* ContentView.swift */; };
		38239C1925F6448900EEC426 /* Assets.xcassets in Resources */ = {isa = PBXBuildFile; fileRef = 38239C1825F6448900EEC426 /* Assets.xcassets */; };
		38239C1C25F6448900EEC426 /* Preview Assets.xcassets in Resources */ = {isa = PBXBuildFile; fileRef = 38239C1B25F6448900EEC426 /* Preview Assets.xcassets */; };
		38239C2625F65C4700EEC426 /* WeatherModel.swift in Sources */ = {isa = PBXBuildFile; fileRef = 38239C2525F65C4700EEC426 /* WeatherModel.swift */; };
		38239C3425F65F8200EEC426 /* WeatherService.swift in Sources */ = {isa = PBXBuildFile; fileRef = 38239C3325F65F8200EEC426 /* WeatherService.swift */; };
		38239C3725F660D200EEC426 /* NetworkingError.swift in Sources */ = {isa = PBXBuildFile; fileRef = 38239C3625F660D200EEC426 /* NetworkingError.swift */; };
		38239C3A25F661E900EEC426 /* Weather.swift in Sources */ = {isa = PBXBuildFile; fileRef = 38239C3925F661E900EEC426 /* Weather.swift */; };
		38239C3D25F6620300EEC426 /* Temperature.swift in Sources */ = {isa = PBXBuildFile; fileRef = 38239C3C25F6620300EEC426 /* Temperature.swift */; };
		38239C4025F663B100EEC426 /* CloudLevel.swift in Sources */ = {isa = PBXBuildFile; fileRef = 38239C3F25F663B100EEC426 /* CloudLevel.swift */; };
		38239C4325F663E900EEC426 /* Wind.swift in Sources */ = {isa = PBXBuildFile; fileRef = 38239C4225F663E900EEC426 /* Wind.swift */; };
		38239C4625F6655900EEC426 /* City.swift in Sources */ = {isa = PBXBuildFile; fileRef = 38239C4525F6655900EEC426 /* City.swift */; };
		38239C4A25F67F7F00EEC426 /* DateJSONDecoder.swift in Sources */ = {isa = PBXBuildFile; fileRef = 38239C4925F67F7F00EEC426 /* DateJSONDecoder.swift */; };
		38239C4E25F6800D00EEC426 /* WeatherViewModel.swift in Sources */ = {isa = PBXBuildFile; fileRef = 38239C4D25F6800D00EEC426 /* WeatherViewModel.swift */; };
/* End PBXBuildFile section */

/* Begin PBXFileReference section */
		38239C1125F6448700EEC426 /* Weather-app-swiftUI.app */ = {isa = PBXFileReference; explicitFileType = wrapper.application; includeInIndex = 0; path = "Weather-app-swiftUI.app"; sourceTree = BUILT_PRODUCTS_DIR; };
		38239C1425F6448700EEC426 /* Weather_app_swiftUIApp.swift */ = {isa = PBXFileReference; lastKnownFileType = sourcecode.swift; path = Weather_app_swiftUIApp.swift; sourceTree = "<group>"; };
		38239C1625F6448700EEC426 /* ContentView.swift */ = {isa = PBXFileReference; lastKnownFileType = sourcecode.swift; path = ContentView.swift; sourceTree = "<group>"; };
		38239C1825F6448900EEC426 /* Assets.xcassets */ = {isa = PBXFileReference; lastKnownFileType = folder.assetcatalog; path = Assets.xcassets; sourceTree = "<group>"; };
		38239C1B25F6448900EEC426 /* Preview Assets.xcassets */ = {isa = PBXFileReference; lastKnownFileType = folder.assetcatalog; path = "Preview Assets.xcassets"; sourceTree = "<group>"; };
		38239C1D25F6448900EEC426 /* Info.plist */ = {isa = PBXFileReference; lastKnownFileType = text.plist.xml; path = Info.plist; sourceTree = "<group>"; };
		38239C2525F65C4700EEC426 /* WeatherModel.swift */ = {isa = PBXFileReference; lastKnownFileType = sourcecode.swift; path = WeatherModel.swift; sourceTree = "<group>"; };
		38239C3325F65F8200EEC426 /* WeatherService.swift */ = {isa = PBXFileReference; lastKnownFileType = sourcecode.swift; path = WeatherService.swift; sourceTree = "<group>"; };
		38239C3625F660D200EEC426 /* NetworkingError.swift */ = {isa = PBXFileReference; lastKnownFileType = sourcecode.swift; path = NetworkingError.swift; sourceTree = "<group>"; };
		38239C3925F661E900EEC426 /* Weather.swift */ = {isa = PBXFileReference; lastKnownFileType = sourcecode.swift; path = Weather.swift; sourceTree = "<group>"; };
		38239C3C25F6620300EEC426 /* Temperature.swift */ = {isa = PBXFileReference; lastKnownFileType = sourcecode.swift; path = Temperature.swift; sourceTree = "<group>"; };
		38239C3F25F663B100EEC426 /* CloudLevel.swift */ = {isa = PBXFileReference; lastKnownFileType = sourcecode.swift; path = CloudLevel.swift; sourceTree = "<group>"; };
		38239C4225F663E900EEC426 /* Wind.swift */ = {isa = PBXFileReference; lastKnownFileType = sourcecode.swift; path = Wind.swift; sourceTree = "<group>"; };
		38239C4525F6655900EEC426 /* City.swift */ = {isa = PBXFileReference; lastKnownFileType = sourcecode.swift; path = City.swift; sourceTree = "<group>"; };
		38239C4925F67F7F00EEC426 /* DateJSONDecoder.swift */ = {isa = PBXFileReference; lastKnownFileType = sourcecode.swift; path = DateJSONDecoder.swift; sourceTree = "<group>"; };
		38239C4D25F6800D00EEC426 /* WeatherViewModel.swift */ = {isa = PBXFileReference; lastKnownFileType = sourcecode.swift; path = WeatherViewModel.swift; sourceTree = "<group>"; };
/* End PBXFileReference section */

/* Begin PBXFrameworksBuildPhase section */
		38239C0E25F6448700EEC426 /* Frameworks */ = {
			isa = PBXFrameworksBuildPhase;
			buildActionMask = 2147483647;
			files = (
			);
			runOnlyForDeploymentPostprocessing = 0;
		};
/* End PBXFrameworksBuildPhase section */

/* Begin PBXGroup section */
		38239C0825F6448700EEC426 = {
			isa = PBXGroup;
			children = (
				38239C1325F6448700EEC426 /* Weather-app-swiftUI */,
				38239C1225F6448700EEC426 /* Products */,
			);
			sourceTree = "<group>";
		};
		38239C1225F6448700EEC426 /* Products */ = {
			isa = PBXGroup;
			children = (
				38239C1125F6448700EEC426 /* Weather-app-swiftUI.app */,
			);
			name = Products;
			sourceTree = "<group>";
		};
		38239C1325F6448700EEC426 /* Weather-app-swiftUI */ = {
			isa = PBXGroup;
			children = (
				38239C3225F65F7700EEC426 /* ViewModels */,
				38239C3125F65F7000EEC426 /* Networking */,
				38239C2425F65C3C00EEC426 /* Model */,
				38239C1425F6448700EEC426 /* Weather_app_swiftUIApp.swift */,
				38239C1625F6448700EEC426 /* ContentView.swift */,
				38239C1825F6448900EEC426 /* Assets.xcassets */,
				38239C1D25F6448900EEC426 /* Info.plist */,
				38239C1A25F6448900EEC426 /* Preview Content */,
			);
			path = "Weather-app-swiftUI";
			sourceTree = "<group>";
		};
		38239C1A25F6448900EEC426 /* Preview Content */ = {
			isa = PBXGroup;
			children = (
				38239C1B25F6448900EEC426 /* Preview Assets.xcassets */,
			);
			path = "Preview Content";
			sourceTree = "<group>";
		};
		38239C2425F65C3C00EEC426 /* Model */ = {
			isa = PBXGroup;
			children = (
				38239C2525F65C4700EEC426 /* WeatherModel.swift */,
				38239C3925F661E900EEC426 /* Weather.swift */,
				38239C3C25F6620300EEC426 /* Temperature.swift */,
				38239C3F25F663B100EEC426 /* CloudLevel.swift */,
				38239C4225F663E900EEC426 /* Wind.swift */,
				38239C4525F6655900EEC426 /* City.swift */,
				38239C4925F67F7F00EEC426 /* DateJSONDecoder.swift */,
			);
			path = Model;
			sourceTree = "<group>";
		};
		38239C3125F65F7000EEC426 /* Networking */ = {
			isa = PBXGroup;
			children = (
				38239C3325F65F8200EEC426 /* WeatherService.swift */,
				38239C3625F660D200EEC426 /* NetworkingError.swift */,
			);
			path = Networking;
			sourceTree = "<group>";
		};
		38239C3225F65F7700EEC426 /* ViewModels */ = {
			isa = PBXGroup;
			children = (
				38239C4D25F6800D00EEC426 /* WeatherViewModel.swift */,
			);
			path = ViewModels;
			sourceTree = "<group>";
		};
/* End PBXGroup section */

/* Begin PBXNativeTarget section */
		38239C1025F6448700EEC426 /* Weather-app-swiftUI */ = {
			isa = PBXNativeTarget;
			buildConfigurationList = 38239C2025F6448900EEC426 /* Build configuration list for PBXNativeTarget "Weather-app-swiftUI" */;
			buildPhases = (
				38239C0D25F6448700EEC426 /* Sources */,
				38239C0E25F6448700EEC426 /* Frameworks */,
				38239C0F25F6448700EEC426 /* Resources */,
			);
			buildRules = (
			);
			dependencies = (
			);
			name = "Weather-app-swiftUI";
			productName = "Weather-app-swiftUI";
			productReference = 38239C1125F6448700EEC426 /* Weather-app-swiftUI.app */;
			productType = "com.apple.product-type.application";
		};
/* End PBXNativeTarget section */

/* Begin PBXProject section */
		38239C0925F6448700EEC426 /* Project object */ = {
			isa = PBXProject;
			attributes = {
				LastSwiftUpdateCheck = 1210;
				LastUpgradeCheck = 1210;
				TargetAttributes = {
					38239C1025F6448700EEC426 = {
						CreatedOnToolsVersion = 12.1;
					};
				};
			};
			buildConfigurationList = 38239C0C25F6448700EEC426 /* Build configuration list for PBXProject "Weather-app-swiftUI" */;
			compatibilityVersion = "Xcode 9.3";
			developmentRegion = en;
			hasScannedForEncodings = 0;
			knownRegions = (
				en,
				Base,
			);
			mainGroup = 38239C0825F6448700EEC426;
			productRefGroup = 38239C1225F6448700EEC426 /* Products */;
			projectDirPath = "";
			projectRoot = "";
			targets = (
				38239C1025F6448700EEC426 /* Weather-app-swiftUI */,
			);
		};
/* End PBXProject section */

/* Begin PBXResourcesBuildPhase section */
		38239C0F25F6448700EEC426 /* Resources */ = {
			isa = PBXResourcesBuildPhase;
			buildActionMask = 2147483647;
			files = (
				38239C1C25F6448900EEC426 /* Preview Assets.xcassets in Resources */,
				38239C1925F6448900EEC426 /* Assets.xcassets in Resources */,
			);
			runOnlyForDeploymentPostprocessing = 0;
		};
/* End PBXResourcesBuildPhase section */

/* Begin PBXSourcesBuildPhase section */
		38239C0D25F6448700EEC426 /* Sources */ = {
			isa = PBXSourcesBuildPhase;
			buildActionMask = 2147483647;
			files = (
				38239C1725F6448700EEC426 /* ContentView.swift in Sources */,
				38239C4E25F6800D00EEC426 /* WeatherViewModel.swift in Sources */,
				38239C2625F65C4700EEC426 /* WeatherModel.swift in Sources */,
				38239C4325F663E900EEC426 /* Wind.swift in Sources */,
				38239C4025F663B100EEC426 /* CloudLevel.swift in Sources */,
				38239C3A25F661E900EEC426 /* Weather.swift in Sources */,
				38239C1525F6448700EEC426 /* Weather_app_swiftUIApp.swift in Sources */,
				38239C4625F6655900EEC426 /* City.swift in Sources */,
				38239C3425F65F8200EEC426 /* WeatherService.swift in Sources */,
				38239C3D25F6620300EEC426 /* Temperature.swift in Sources */,
				38239C4A25F67F7F00EEC426 /* DateJSONDecoder.swift in Sources */,
				38239C3725F660D200EEC426 /* NetworkingError.swift in Sources */,
			);
			runOnlyForDeploymentPostprocessing = 0;
		};
/* End PBXSourcesBuildPhase section */

/* Begin XCBuildConfiguration section */
		38239C1E25F6448900EEC426 /* Debug */ = {
			isa = XCBuildConfiguration;
			buildSettings = {
				ALWAYS_SEARCH_USER_PATHS = NO;
				CLANG_ANALYZER_NONNULL = YES;
				CLANG_ANALYZER_NUMBER_OBJECT_CONVERSION = YES_AGGRESSIVE;
				CLANG_CXX_LANGUAGE_STANDARD = "gnu++14";
				CLANG_CXX_LIBRARY = "libc++";
				CLANG_ENABLE_MODULES = YES;
				CLANG_ENABLE_OBJC_ARC = YES;
				CLANG_ENABLE_OBJC_WEAK = YES;
				CLANG_WARN_BLOCK_CAPTURE_AUTORELEASING = YES;
				CLANG_WARN_BOOL_CONVERSION = YES;
				CLANG_WARN_COMMA = YES;
				CLANG_WARN_CONSTANT_CONVERSION = YES;
				CLANG_WARN_DEPRECATED_OBJC_IMPLEMENTATIONS = YES;
				CLANG_WARN_DIRECT_OBJC_ISA_USAGE = YES_ERROR;
				CLANG_WARN_DOCUMENTATION_COMMENTS = YES;
				CLANG_WARN_EMPTY_BODY = YES;
				CLANG_WARN_ENUM_CONVERSION = YES;
				CLANG_WARN_INFINITE_RECURSION = YES;
				CLANG_WARN_INT_CONVERSION = YES;
				CLANG_WARN_NON_LITERAL_NULL_CONVERSION = YES;
				CLANG_WARN_OBJC_IMPLICIT_RETAIN_SELF = YES;
				CLANG_WARN_OBJC_LITERAL_CONVERSION = YES;
				CLANG_WARN_OBJC_ROOT_CLASS = YES_ERROR;
				CLANG_WARN_QUOTED_INCLUDE_IN_FRAMEWORK_HEADER = YES;
				CLANG_WARN_RANGE_LOOP_ANALYSIS = YES;
				CLANG_WARN_STRICT_PROTOTYPES = YES;
				CLANG_WARN_SUSPICIOUS_MOVE = YES;
				CLANG_WARN_UNGUARDED_AVAILABILITY = YES_AGGRESSIVE;
				CLANG_WARN_UNREACHABLE_CODE = YES;
				CLANG_WARN__DUPLICATE_METHOD_MATCH = YES;
				COPY_PHASE_STRIP = NO;
				DEBUG_INFORMATION_FORMAT = dwarf;
				ENABLE_STRICT_OBJC_MSGSEND = YES;
				ENABLE_TESTABILITY = YES;
				GCC_C_LANGUAGE_STANDARD = gnu11;
				GCC_DYNAMIC_NO_PIC = NO;
				GCC_NO_COMMON_BLOCKS = YES;
				GCC_OPTIMIZATION_LEVEL = 0;
				GCC_PREPROCESSOR_DEFINITIONS = (
					"DEBUG=1",
					"$(inherited)",
				);
				GCC_WARN_64_TO_32_BIT_CONVERSION = YES;
				GCC_WARN_ABOUT_RETURN_TYPE = YES_ERROR;
				GCC_WARN_UNDECLARED_SELECTOR = YES;
				GCC_WARN_UNINITIALIZED_AUTOS = YES_AGGRESSIVE;
				GCC_WARN_UNUSED_FUNCTION = YES;
				GCC_WARN_UNUSED_VARIABLE = YES;
				IPHONEOS_DEPLOYMENT_TARGET = 14.1;
				MTL_ENABLE_DEBUG_INFO = INCLUDE_SOURCE;
				MTL_FAST_MATH = YES;
				ONLY_ACTIVE_ARCH = YES;
				SDKROOT = iphoneos;
				SWIFT_ACTIVE_COMPILATION_CONDITIONS = DEBUG;
				SWIFT_OPTIMIZATION_LEVEL = "-Onone";
			};
			name = Debug;
		};
		38239C1F25F6448900EEC426 /* Release */ = {
			isa = XCBuildConfiguration;
			buildSettings = {
				ALWAYS_SEARCH_USER_PATHS = NO;
				CLANG_ANALYZER_NONNULL = YES;
				CLANG_ANALYZER_NUMBER_OBJECT_CONVERSION = YES_AGGRESSIVE;
				CLANG_CXX_LANGUAGE_STANDARD = "gnu++14";
				CLANG_CXX_LIBRARY = "libc++";
				CLANG_ENABLE_MODULES = YES;
				CLANG_ENABLE_OBJC_ARC = YES;
				CLANG_ENABLE_OBJC_WEAK = YES;
				CLANG_WARN_BLOCK_CAPTURE_AUTORELEASING = YES;
				CLANG_WARN_BOOL_CONVERSION = YES;
				CLANG_WARN_COMMA = YES;
				CLANG_WARN_CONSTANT_CONVERSION = YES;
				CLANG_WARN_DEPRECATED_OBJC_IMPLEMENTATIONS = YES;
				CLANG_WARN_DIRECT_OBJC_ISA_USAGE = YES_ERROR;
				CLANG_WARN_DOCUMENTATION_COMMENTS = YES;
				CLANG_WARN_EMPTY_BODY = YES;
				CLANG_WARN_ENUM_CONVERSION = YES;
				CLANG_WARN_INFINITE_RECURSION = YES;
				CLANG_WARN_INT_CONVERSION = YES;
				CLANG_WARN_NON_LITERAL_NULL_CONVERSION = YES;
				CLANG_WARN_OBJC_IMPLICIT_RETAIN_SELF = YES;
				CLANG_WARN_OBJC_LITERAL_CONVERSION = YES;
				CLANG_WARN_OBJC_ROOT_CLASS = YES_ERROR;
				CLANG_WARN_QUOTED_INCLUDE_IN_FRAMEWORK_HEADER = YES;
				CLANG_WARN_RANGE_LOOP_ANALYSIS = YES;
				CLANG_WARN_STRICT_PROTOTYPES = YES;
				CLANG_WARN_SUSPICIOUS_MOVE = YES;
				CLANG_WARN_UNGUARDED_AVAILABILITY = YES_AGGRESSIVE;
				CLANG_WARN_UNREACHABLE_CODE = YES;
				CLANG_WARN__DUPLICATE_METHOD_MATCH = YES;
				COPY_PHASE_STRIP = NO;
				DEBUG_INFORMATION_FORMAT = "dwarf-with-dsym";
				ENABLE_NS_ASSERTIONS = NO;
				ENABLE_STRICT_OBJC_MSGSEND = YES;
				GCC_C_LANGUAGE_STANDARD = gnu11;
				GCC_NO_COMMON_BLOCKS = YES;
				GCC_WARN_64_TO_32_BIT_CONVERSION = YES;
				GCC_WARN_ABOUT_RETURN_TYPE = YES_ERROR;
				GCC_WARN_UNDECLARED_SELECTOR = YES;
				GCC_WARN_UNINITIALIZED_AUTOS = YES_AGGRESSIVE;
				GCC_WARN_UNUSED_FUNCTION = YES;
				GCC_WARN_UNUSED_VARIABLE = YES;
				IPHONEOS_DEPLOYMENT_TARGET = 14.1;
				MTL_ENABLE_DEBUG_INFO = NO;
				MTL_FAST_MATH = YES;
				SDKROOT = iphoneos;
				SWIFT_COMPILATION_MODE = wholemodule;
				SWIFT_OPTIMIZATION_LEVEL = "-O";
				VALIDATE_PRODUCT = YES;
			};
			name = Release;
		};
		38239C2125F6448900EEC426 /* Debug */ = {
			isa = XCBuildConfiguration;
			buildSettings = {
				ASSETCATALOG_COMPILER_APPICON_NAME = AppIcon;
				ASSETCATALOG_COMPILER_GLOBAL_ACCENT_COLOR_NAME = AccentColor;
				CODE_SIGN_STYLE = Automatic;
				DEVELOPMENT_ASSET_PATHS = "\"Weather-app-swiftUI/Preview Content\"";
				DEVELOPMENT_TEAM = JEJP9GR2UB;
				ENABLE_PREVIEWS = YES;
				INFOPLIST_FILE = "Weather-app-swiftUI/Info.plist";
				IPHONEOS_DEPLOYMENT_TARGET = 14.0;
				LD_RUNPATH_SEARCH_PATHS = (
					"$(inherited)",
					"@executable_path/Frameworks",
				);
				PRODUCT_BUNDLE_IDENTIFIER = "fr.lilian.nextu.Weather-app-swiftUI";
				PRODUCT_NAME = "$(TARGET_NAME)";
				SWIFT_VERSION = 5.0;
				TARGETED_DEVICE_FAMILY = "1,2";
			};
			name = Debug;
		};
		38239C2225F6448900EEC426 /* Release */ = {
			isa = XCBuildConfiguration;
			buildSettings = {
				ASSETCATALOG_COMPILER_APPICON_NAME = AppIcon;
				ASSETCATALOG_COMPILER_GLOBAL_ACCENT_COLOR_NAME = AccentColor;
				CODE_SIGN_STYLE = Automatic;
				DEVELOPMENT_ASSET_PATHS = "\"Weather-app-swiftUI/Preview Content\"";
				DEVELOPMENT_TEAM = JEJP9GR2UB;
				ENABLE_PREVIEWS = YES;
				INFOPLIST_FILE = "Weather-app-swiftUI/Info.plist";
				IPHONEOS_DEPLOYMENT_TARGET = 14.0;
				LD_RUNPATH_SEARCH_PATHS = (
					"$(inherited)",
					"@executable_path/Frameworks",
				);
				PRODUCT_BUNDLE_IDENTIFIER = "fr.lilian.nextu.Weather-app-swiftUI";
				PRODUCT_NAME = "$(TARGET_NAME)";
				SWIFT_VERSION = 5.0;
				TARGETED_DEVICE_FAMILY = "1,2";
			};
			name = Release;
		};
/* End XCBuildConfiguration section */

/* Begin XCConfigurationList section */
		38239C0C25F6448700EEC426 /* Build configuration list for PBXProject "Weather-app-swiftUI" */ = {
			isa = XCConfigurationList;
			buildConfigurations = (
				38239C1E25F6448900EEC426 /* Debug */,
				38239C1F25F6448900EEC426 /* Release */,
			);
			defaultConfigurationIsVisible = 0;
			defaultConfigurationName = Release;
		};
		38239C2025F6448900EEC426 /* Build configuration list for PBXNativeTarget "Weather-app-swiftUI" */ = {
			isa = XCConfigurationList;
			buildConfigurations = (
				38239C2125F6448900EEC426 /* Debug */,
				38239C2225F6448900EEC426 /* Release */,
			);
			defaultConfigurationIsVisible = 0;
			defaultConfigurationName = Release;
		};
/* End XCConfigurationList section */
	};
	rootObject = 38239C0925F6448700EEC426 /* Project object */;
}
